
Microsoft Visual Studio Solution File, Format Version 12.00
# Visual Studio Version 16
VisualStudioVersion = 16.0.31410.357
MinimumVisualStudioVersion = 10.0.40219.1
Project("{FAE04EC0-301F-11D3-BF4B-00C04F79EFBC}") = "process_message", "process_message\process_message.csproj", "{5CD8A22B-790D-4824-ADB7-BCC6DA28B2EE}"
EndProject
Global
	GlobalSection(SolutionConfigurationPlatforms) = preSolution
		Debug|Any CPU = Debug|Any CPU
		Release|Any CPU = Release|Any CPU
	EndGlobalSection
	GlobalSection(ProjectConfigurationPlatforms) = postSolution
		{5CD8A22B-790D-4824-ADB7-BCC6DA28B2EE}.Debug|Any CPU.ActiveCfg = Debug|Any CPU
		{5CD8A22B-790D-4824-ADB7-BCC6DA28B2EE}.Debug|Any CPU.Build.0 = Debug|Any CPU
		{5CD8A22B-790D-4824-ADB7-BCC6DA28B2EE}.Release|Any CPU.ActiveCfg = Release|Any CPU
		{5CD8A22B-790D-4824-ADB7-BCC6DA28B2EE}.Release|Any CPU.Build.0 = Release|Any CPU
	EndGlobalSection
	GlobalSection(SolutionProperties) = preSolution
		HideSolutionNode = FALSE
	EndGlobalSection
	GlobalSection(ExtensibilityGlobals) = postSolution
		SolutionGuid = {211F59DA-B363-4D4A-AF78-FB53B309E010}
	EndGlobalSection
EndGlobal
